
Microsoft Visual Studio Solution File, Format Version 12.00
# Visual Studio 14
VisualStudioVersion = 14.0.24720.0
MinimumVisualStudioVersion = 10.0.40219.1
Project("{FAE04EC0-301F-11D3-BF4B-00C04F79EFBC}") = "WorkerProcess", "src\WorkerProcess\WorkerProcess.csproj", "{7698297C-39A3-4B51-9194-4411E50E2A60}"
EndProject
Project("{2150E333-8FDC-42A3-9474-1A3956D46DE8}") = "src", "src", "{EB36EE80-2E6C-46FD-8D96-0B8A1E133BC4}"
	ProjectSection(SolutionItems) = preProject
		src\AssemblyVersionInfo.cs = src\AssemblyVersionInfo.cs
	EndProjectSection
EndProject
Project("{2150E333-8FDC-42A3-9474-1A3956D46DE8}") = "test", "test", "{E1FC4479-B043-4513-9B6E-32CF98519CD0}"
EndProject
Project("{FAE04EC0-301F-11D3-BF4B-00C04F79EFBC}") = "PipeChannel", "src\PipeChannel\PipeChannel.csproj", "{0BD1201C-57CE-43A4-ACAA-5122DA010EAA}"
EndProject
Project("{FAE04EC0-301F-11D3-BF4B-00C04F79EFBC}") = "PipeChannel.Test", "test\PipeChannel.Test\PipeChannel.Test.csproj", "{9946FFC7-9A3E-4EE7-9F0D-499C893AB73B}"
EndProject
Project("{FAE04EC0-301F-11D3-BF4B-00C04F79EFBC}") = "ProcessController", "src\ProcessController\ProcessController.csproj", "{C51A39C5-4541-40FB-8907-3AA29C0CC42E}"
EndProject
Project("{FAE04EC0-301F-11D3-BF4B-00C04F79EFBC}") = "ProcessController.Test", "test\ProcessController.Test\ProcessController.Test.csproj", "{F4AA47E2-368F-40AA-9EF7-C8F4B31A6AF2}"
EndProject
Project("{FAE04EC0-301F-11D3-BF4B-00C04F79EFBC}") = "TestApplication", "test\TestApplication\TestApplication.csproj", "{095BA5F6-8C7C-44BD-BF52-0A656A37EE21}"
EndProject
Project("{FAE04EC0-301F-11D3-BF4B-00C04F79EFBC}") = "AppServerInterface", "src\AppServerInterface\AppServerInterface.csproj", "{989ADCBE-8626-4B27-A265-CEFFFA4E4F63}"
EndProject
Project("{FAE04EC0-301F-11D3-BF4B-00C04F79EFBC}") = "ProcessConfiguration.Test", "test\ProcessConfiguration.Test\ProcessConfiguration.Test.csproj", "{C0671494-AE98-43B4-91D5-72C030AB7141}"
EndProject
Project("{FAE04EC0-301F-11D3-BF4B-00C04F79EFBC}") = "AppServerStarter", "src\AppServerStarter\AppServerStarter.csproj", "{A0B7D715-C945-440C-A739-CFF254D7BE4B}"
EndProject
Global
	GlobalSection(SolutionConfigurationPlatforms) = preSolution
		Debug|Any CPU = Debug|Any CPU
		Debug|x64 = Debug|x64
		Release|Any CPU = Release|Any CPU
		Release|x64 = Release|x64
	EndGlobalSection
	GlobalSection(ProjectConfigurationPlatforms) = postSolution
		{7698297C-39A3-4B51-9194-4411E50E2A60}.Debug|Any CPU.ActiveCfg = Debug|Any CPU
		{7698297C-39A3-4B51-9194-4411E50E2A60}.Debug|Any CPU.Build.0 = Debug|Any CPU
		{7698297C-39A3-4B51-9194-4411E50E2A60}.Debug|x64.ActiveCfg = Debug|x64
		{7698297C-39A3-4B51-9194-4411E50E2A60}.Debug|x64.Build.0 = Debug|x64
		{7698297C-39A3-4B51-9194-4411E50E2A60}.Release|Any CPU.ActiveCfg = Release|Any CPU
		{7698297C-39A3-4B51-9194-4411E50E2A60}.Release|Any CPU.Build.0 = Release|Any CPU
		{7698297C-39A3-4B51-9194-4411E50E2A60}.Release|x64.ActiveCfg = Release|x64
		{7698297C-39A3-4B51-9194-4411E50E2A60}.Release|x64.Build.0 = Release|x64
		{0BD1201C-57CE-43A4-ACAA-5122DA010EAA}.Debug|Any CPU.ActiveCfg = Debug|Any CPU
		{0BD1201C-57CE-43A4-ACAA-5122DA010EAA}.Debug|Any CPU.Build.0 = Debug|Any CPU
		{0BD1201C-57CE-43A4-ACAA-5122DA010EAA}.Debug|x64.ActiveCfg = Debug|x64
		{0BD1201C-57CE-43A4-ACAA-5122DA010EAA}.Debug|x64.Build.0 = Debug|x64
		{0BD1201C-57CE-43A4-ACAA-5122DA010EAA}.Release|Any CPU.ActiveCfg = Release|Any CPU
		{0BD1201C-57CE-43A4-ACAA-5122DA010EAA}.Release|Any CPU.Build.0 = Release|Any CPU
		{0BD1201C-57CE-43A4-ACAA-5122DA010EAA}.Release|x64.ActiveCfg = Release|x64
		{0BD1201C-57CE-43A4-ACAA-5122DA010EAA}.Release|x64.Build.0 = Release|x64
		{9946FFC7-9A3E-4EE7-9F0D-499C893AB73B}.Debug|Any CPU.ActiveCfg = Debug|Any CPU
		{9946FFC7-9A3E-4EE7-9F0D-499C893AB73B}.Debug|Any CPU.Build.0 = Debug|Any CPU
		{9946FFC7-9A3E-4EE7-9F0D-499C893AB73B}.Debug|x64.ActiveCfg = Debug|x64
		{9946FFC7-9A3E-4EE7-9F0D-499C893AB73B}.Debug|x64.Build.0 = Debug|x64
		{9946FFC7-9A3E-4EE7-9F0D-499C893AB73B}.Release|Any CPU.ActiveCfg = Release|Any CPU
		{9946FFC7-9A3E-4EE7-9F0D-499C893AB73B}.Release|x64.ActiveCfg = Release|x64
		{C51A39C5-4541-40FB-8907-3AA29C0CC42E}.Debug|Any CPU.ActiveCfg = Debug|Any CPU
		{C51A39C5-4541-40FB-8907-3AA29C0CC42E}.Debug|Any CPU.Build.0 = Debug|Any CPU
		{C51A39C5-4541-40FB-8907-3AA29C0CC42E}.Debug|x64.ActiveCfg = Debug|x64
		{C51A39C5-4541-40FB-8907-3AA29C0CC42E}.Debug|x64.Build.0 = Debug|x64
		{C51A39C5-4541-40FB-8907-3AA29C0CC42E}.Release|Any CPU.ActiveCfg = Release|Any CPU
		{C51A39C5-4541-40FB-8907-3AA29C0CC42E}.Release|Any CPU.Build.0 = Release|Any CPU
		{C51A39C5-4541-40FB-8907-3AA29C0CC42E}.Release|x64.ActiveCfg = Release|x64
		{C51A39C5-4541-40FB-8907-3AA29C0CC42E}.Release|x64.Build.0 = Release|x64
		{F4AA47E2-368F-40AA-9EF7-C8F4B31A6AF2}.Debug|Any CPU.ActiveCfg = Debug|Any CPU
		{F4AA47E2-368F-40AA-9EF7-C8F4B31A6AF2}.Debug|Any CPU.Build.0 = Debug|Any CPU
		{F4AA47E2-368F-40AA-9EF7-C8F4B31A6AF2}.Debug|x64.ActiveCfg = Debug|x64
		{F4AA47E2-368F-40AA-9EF7-C8F4B31A6AF2}.Debug|x64.Build.0 = Debug|x64
		{F4AA47E2-368F-40AA-9EF7-C8F4B31A6AF2}.Release|Any CPU.ActiveCfg = Release|Any CPU
		{F4AA47E2-368F-40AA-9EF7-C8F4B31A6AF2}.Release|x64.ActiveCfg = Release|x64
		{095BA5F6-8C7C-44BD-BF52-0A656A37EE21}.Debug|Any CPU.ActiveCfg = Debug|Any CPU
		{095BA5F6-8C7C-44BD-BF52-0A656A37EE21}.Debug|Any CPU.Build.0 = Debug|Any CPU
		{095BA5F6-8C7C-44BD-BF52-0A656A37EE21}.Debug|x64.ActiveCfg = Debug|x64
		{095BA5F6-8C7C-44BD-BF52-0A656A37EE21}.Debug|x64.Build.0 = Debug|x64
		{095BA5F6-8C7C-44BD-BF52-0A656A37EE21}.Release|Any CPU.ActiveCfg = Release|Any CPU
		{095BA5F6-8C7C-44BD-BF52-0A656A37EE21}.Release|x64.ActiveCfg = Release|x64
		{095BA5F6-8C7C-44BD-BF52-0A656A37EE21}.Release|x64.Build.0 = Release|x64
		{989ADCBE-8626-4B27-A265-CEFFFA4E4F63}.Debug|Any CPU.ActiveCfg = Debug|Any CPU
		{989ADCBE-8626-4B27-A265-CEFFFA4E4F63}.Debug|Any CPU.Build.0 = Debug|Any CPU
		{989ADCBE-8626-4B27-A265-CEFFFA4E4F63}.Debug|x64.ActiveCfg = Debug|x64
		{989ADCBE-8626-4B27-A265-CEFFFA4E4F63}.Debug|x64.Build.0 = Debug|x64
		{989ADCBE-8626-4B27-A265-CEFFFA4E4F63}.Release|Any CPU.ActiveCfg = Release|Any CPU
		{989ADCBE-8626-4B27-A265-CEFFFA4E4F63}.Release|Any CPU.Build.0 = Release|Any CPU
		{989ADCBE-8626-4B27-A265-CEFFFA4E4F63}.Release|x64.ActiveCfg = Release|x64
		{989ADCBE-8626-4B27-A265-CEFFFA4E4F63}.Release|x64.Build.0 = Release|x64
		{C0671494-AE98-43B4-91D5-72C030AB7141}.Debug|Any CPU.ActiveCfg = Debug|Any CPU
		{C0671494-AE98-43B4-91D5-72C030AB7141}.Debug|Any CPU.Build.0 = Debug|Any CPU
		{C0671494-AE98-43B4-91D5-72C030AB7141}.Debug|x64.ActiveCfg = Debug|x64
		{C0671494-AE98-43B4-91D5-72C030AB7141}.Debug|x64.Build.0 = Debug|x64
		{C0671494-AE98-43B4-91D5-72C030AB7141}.Release|Any CPU.ActiveCfg = Release|Any CPU
		{C0671494-AE98-43B4-91D5-72C030AB7141}.Release|x64.ActiveCfg = Release|x64
		{A0B7D715-C945-440C-A739-CFF254D7BE4B}.Debug|Any CPU.ActiveCfg = Debug|Any CPU
		{A0B7D715-C945-440C-A739-CFF254D7BE4B}.Debug|Any CPU.Build.0 = Debug|Any CPU
		{A0B7D715-C945-440C-A739-CFF254D7BE4B}.Debug|x64.ActiveCfg = Debug|x64
		{A0B7D715-C945-440C-A739-CFF254D7BE4B}.Debug|x64.Build.0 = Debug|x64
		{A0B7D715-C945-440C-A739-CFF254D7BE4B}.Release|Any CPU.ActiveCfg = Release|Any CPU
		{A0B7D715-C945-440C-A739-CFF254D7BE4B}.Release|Any CPU.Build.0 = Release|Any CPU
		{A0B7D715-C945-440C-A739-CFF254D7BE4B}.Release|x64.ActiveCfg = Release|x64
		{A0B7D715-C945-440C-A739-CFF254D7BE4B}.Release|x64.Build.0 = Release|x64
	EndGlobalSection
	GlobalSection(SolutionProperties) = preSolution
		HideSolutionNode = FALSE
	EndGlobalSection
	GlobalSection(NestedProjects) = preSolution
		{7698297C-39A3-4B51-9194-4411E50E2A60} = {EB36EE80-2E6C-46FD-8D96-0B8A1E133BC4}
		{0BD1201C-57CE-43A4-ACAA-5122DA010EAA} = {EB36EE80-2E6C-46FD-8D96-0B8A1E133BC4}
		{9946FFC7-9A3E-4EE7-9F0D-499C893AB73B} = {E1FC4479-B043-4513-9B6E-32CF98519CD0}
		{C51A39C5-4541-40FB-8907-3AA29C0CC42E} = {EB36EE80-2E6C-46FD-8D96-0B8A1E133BC4}
		{F4AA47E2-368F-40AA-9EF7-C8F4B31A6AF2} = {E1FC4479-B043-4513-9B6E-32CF98519CD0}
		{095BA5F6-8C7C-44BD-BF52-0A656A37EE21} = {E1FC4479-B043-4513-9B6E-32CF98519CD0}
		{989ADCBE-8626-4B27-A265-CEFFFA4E4F63} = {EB36EE80-2E6C-46FD-8D96-0B8A1E133BC4}
		{C0671494-AE98-43B4-91D5-72C030AB7141} = {E1FC4479-B043-4513-9B6E-32CF98519CD0}
		{A0B7D715-C945-440C-A739-CFF254D7BE4B} = {EB36EE80-2E6C-46FD-8D96-0B8A1E133BC4}
	EndGlobalSection
EndGlobal
